
Microsoft Visual Studio Solution File, Format Version 12.00
# Visual Studio 15
VisualStudioVersion = 15.0.28307.960
MinimumVisualStudioVersion = 10.0.40219.1
Project("{FAE04EC0-301F-11D3-BF4B-00C04F79EFBC}") = "CargoAPI", "CargoAPI\CargoAPI.csproj", "{860DD724-6A29-46BB-AF13-06C3F869AF66}"
EndProject
Project("{FAE04EC0-301F-11D3-BF4B-00C04F79EFBC}") = "Cargo", "Cargo\Cargo.csproj", "{20C383CE-8C19-4F3C-819E-DC7F9936BF74}"
EndProject
Global
	GlobalSection(SolutionConfigurationPlatforms) = preSolution
		Debug|Any CPU = Debug|Any CPU
		Release|Any CPU = Release|Any CPU
	EndGlobalSection
	GlobalSection(ProjectConfigurationPlatforms) = postSolution
		{860DD724-6A29-46BB-AF13-06C3F869AF66}.Debug|Any CPU.ActiveCfg = Debug|Any CPU
		{860DD724-6A29-46BB-AF13-06C3F869AF66}.Debug|Any CPU.Build.0 = Debug|Any CPU
		{860DD724-6A29-46BB-AF13-06C3F869AF66}.Release|Any CPU.ActiveCfg = Release|Any CPU
		{860DD724-6A29-46BB-AF13-06C3F869AF66}.Release|Any CPU.Build.0 = Release|Any CPU
		{20C383CE-8C19-4F3C-819E-DC7F9936BF74}.Debug|Any CPU.ActiveCfg = Debug|Any CPU
		{20C383CE-8C19-4F3C-819E-DC7F9936BF74}.Debug|Any CPU.Build.0 = Debug|Any CPU
		{20C383CE-8C19-4F3C-819E-DC7F9936BF74}.Release|Any CPU.ActiveCfg = Release|Any CPU
		{20C383CE-8C19-4F3C-819E-DC7F9936BF74}.Release|Any CPU.Build.0 = Release|Any CPU
	EndGlobalSection
	GlobalSection(SolutionProperties) = preSolution
		HideSolutionNode = FALSE
	EndGlobalSection
	GlobalSection(ExtensibilityGlobals) = postSolution
		SolutionGuid = {D34D667F-22F4-46AB-A867-753DA06D82F5}
	EndGlobalSection
EndGlobal
